{
  "name": "generator",
  "version": "1.0.0",
  "lockfileVersion": 3,
  "requires": true,
  "packages": {
    "": {
      "name": "generator",
      "version": "1.0.0",
      "license": "ISC",
      "dependencies": {
        "faker-br": "^0.4.1"
      }
    },
    "node_modules/faker-br": {
      "version": "0.4.1",
      "resolved": "https://tractian-454752402615.d.codeartifact.us-east-1.amazonaws.com/npm/node-repo/faker-br/-/faker-br-0.4.1.tgz",
      "integrity": "sha512-uTAynWKxq9pA9TV5/AilYxjwxLIDyXDww1r7hsoADFYTdDXoBpP9WOz0PvcDxF+ya7cIX08VOAN2n2dDaRtVkQ==",
      "bin": {
        "faker-br": "cli.js"
      }
    }
  }
}
