# THIS IS AN AUTOGENERATED FILE. DO NOT EDIT THIS FILE DIRECTLY.
# yarn lockfile v1


faker-br@^0.4.1:
  version "0.4.1"
  resolved "https://tractian-454752402615.d.codeartifact.us-east-1.amazonaws.com/npm/node-repo/faker-br/-/faker-br-0.4.1.tgz#e7e90614ccb4f857f6b8c1aefc678f252c43e197"
  integrity sha512-uTAynWKxq9pA9TV5/AilYxjwxLIDyXDww1r7hsoADFYTdDXoBpP9WOz0PvcDxF+ya7cIX08VOAN2n2dDaRtVkQ==
